# THIS IS AN AUTOGENERATED FILE. DO NOT EDIT THIS FILE DIRECTLY.
# yarn lockfile v1


"@now/node@^1.4.1":
  version "1.4.1"
  resolved "https://registry.yarnpkg.com/@now/node/-/node-1.4.1.tgz#a07e22abb34d892e77fef1471f35518ddb39dbfc"
  integrity sha512-EjP/pdBMKsEMCGQ1OLLmBGnjA3QZG1erYTrMqmDVqypeQsY1UUFTY4h1C4d6WNq33qk/nMxpcJzuAhxt+nLQyg==
  dependencies:
    "@types/node" "*"

"@types/node@*":
  version "13.9.2"
  resolved "https://registry.yarnpkg.com/@types/node/-/node-13.9.2.tgz#ace1880c03594cc3e80206d96847157d8e7fa349"
  integrity sha512-bnoqK579sAYrQbp73wwglccjJ4sfRdKU7WNEZ5FW4K2U6Kc0/eZ5kvXG0JKsEKFB50zrFmfFt52/cvBbZa7eXg==

"@types/qs@^6.9.1":
  version "6.9.1"
  resolved "https://registry.yarnpkg.com/@types/qs/-/qs-6.9.1.tgz#937fab3194766256ee09fcd40b781740758617e7"
  integrity sha512-lhbQXx9HKZAPgBkISrBcmAcMpZsmpe/Cd/hY7LGZS5OfkySUBItnPZHgQPssWYUET8elF+yCFBbP1Q0RZPTdaw==

"@zeit/fetch-retry@^5.0.0":
  version "5.0.0"
  resolved "https://registry.yarnpkg.com/@zeit/fetch-retry/-/fetch-retry-5.0.0.tgz#0c2f05a8ba380930a2c96570acb1ea900b885fd1"
  integrity sha512-48tgGYYNX4AGyR8LZa5nMGdr3j4VXYxAA7BX6RWSKIWZkdh1bbkUB6M9ZLfmxsED0CEGpJmP7svN8qnolwZ45w==
  dependencies:
    async-retry "^1.3.1"
    debug "^3.1.0"

async-csv@^2.1.3:
  version "2.1.3"
  resolved "https://registry.yarnpkg.com/async-csv/-/async-csv-2.1.3.tgz#d6e43c61050ed3501b57f53c4c28943c5da59172"
  integrity sha512-mpsCN+D7mzZeqrlDw7UTPhvDQDlx1i819E9fbKIt8drkgED5FSOlBv3Rk/+sXdevnO2wwlRkVOQ4kdT0AyqPqQ==
  dependencies:
    csv "^5.1.3"

async-retry@^1.3.1:
  version "1.3.1"
  resolved "https://registry.yarnpkg.com/async-retry/-/async-retry-1.3.1.tgz#139f31f8ddce50c0870b0ba558a6079684aaed55"
  integrity sha512-aiieFW/7h3hY0Bq5d+ktDBejxuwR78vRu9hDUdR8rNhSaQ29VzPL4AoIRG7D/c7tdenwOcKvgPM6tIxB3cB6HA==
  dependencies:
    retry "0.12.0"

csv-generate@^3.2.4:
  version "3.2.4"
  resolved "https://registry.yarnpkg.com/csv-generate/-/csv-generate-3.2.4.tgz#440dab9177339ee0676c9e5c16f50e2b3463c019"
  integrity sha512-qNM9eqlxd53TWJeGtY1IQPj90b563Zx49eZs8e0uMyEvPgvNVmX1uZDtdzAcflB3PniuH9creAzcFOdyJ9YGvA==

csv-parse@^4.8.8:
  version "4.8.8"
  resolved "https://registry.yarnpkg.com/csv-parse/-/csv-parse-4.8.8.tgz#0acbc4598c1f28652c4250599108096b3a0a68ae"
  integrity sha512-Kv3Ilz2GV58dOoHBXRCTF8ijxlLjl80bG3d67XPI6DNqffb3AnbPbKr/WvCUMJq5V0AZYi6sukOaOQAVpfuVbg==

csv-stringify@^5.3.6:
  version "5.3.6"
  resolved "https://registry.yarnpkg.com/csv-stringify/-/csv-stringify-5.3.6.tgz#2655e2e1c01b97b3963bccbc9407b8fb876dc589"
  integrity sha512-kPcRbMvo5NLLD71TAqW5K+g9kbM2HpIZJLAzm73Du8U+5TXmDp9YtXKCBLyxEh0q3Jbg8QhNFBz3b5VJzjZ/jw==

csv@^5.1.3:
  version "5.3.2"
  resolved "https://registry.yarnpkg.com/csv/-/csv-5.3.2.tgz#50b344e25dfbb8c62684a1bcec18c22468b2161e"
  integrity sha512-odDyucr9OgJTdGM2wrMbJXbOkJx3nnUX3Pt8SFOwlAMOpsUQlz1dywvLMXJWX/4Ib0rjfOsaawuuwfI5ucqBGQ==
  dependencies:
    csv-generate "^3.2.4"
    csv-parse "^4.8.8"
    csv-stringify "^5.3.6"
    stream-transform "^2.0.1"

debug@^3.1.0:
  version "3.2.6"
  resolved "https://registry.yarnpkg.com/debug/-/debug-3.2.6.tgz#e83d17de16d8a7efb7717edbe5fb10135eee629b"
  integrity sha512-mel+jf7nrtEl5Pn1Qx46zARXKDpBbvzezse7p7LqINmdoIk8PYP5SySaxEmYv6TZ0JyEKA1hsCId6DIhgITtWQ==
  dependencies:
    ms "^2.1.1"

isomorphic-unfetch@^3.0.0:
  version "3.0.0"
  resolved "https://registry.yarnpkg.com/isomorphic-unfetch/-/isomorphic-unfetch-3.0.0.tgz#de6d80abde487b17de2c400a7ef9e5ecc2efb362"
  integrity sha512-V0tmJSYfkKokZ5mgl0cmfQMTb7MLHsBMngTkbLY0eXvKqiVRRoZP04Ly+KhKrJfKtzC9E6Pp15Jo+bwh7Vi2XQ==
  dependencies:
    node-fetch "^2.2.0"
    unfetch "^4.0.0"

mixme@^0.3.1:
  version "0.3.5"
  resolved "https://registry.yarnpkg.com/mixme/-/mixme-0.3.5.tgz#304652cdaf24a3df0487205e61ac6162c6906ddd"
  integrity sha512-SyV9uPETRig5ZmYev0ANfiGeB+g6N2EnqqEfBbCGmmJ6MgZ3E4qv5aPbnHVdZ60KAHHXV+T3sXopdrnIXQdmjQ==

ms@^2.1.1:
  version "2.1.2"
  resolved "https://registry.yarnpkg.com/ms/-/ms-2.1.2.tgz#d09d1f357b443f493382a8eb3ccd183872ae6009"
  integrity sha512-sGkPx+VjMtmA6MX27oA4FBFELFCZZ4S4XqeGOXCv68tT+jb3vk/RyaKWP0PTKyWtmLSM0b+adUTEvbs1PEaH2w==

node-fetch@^2.2.0:
  version "2.6.0"
  resolved "https://registry.yarnpkg.com/node-fetch/-/node-fetch-2.6.0.tgz#e633456386d4aa55863f676a7ab0daa8fdecb0fd"
  integrity sha512-8dG4H5ujfvFiqDmVu9fQ5bOHUC15JMjMY/Zumv26oOvvVJjM67KF8koCWIabKQ1GJIa9r2mMZscBq/TbdOcmNA==

objects-to-csv@^1.3.6:
  version "1.3.6"
  resolved "https://registry.yarnpkg.com/objects-to-csv/-/objects-to-csv-1.3.6.tgz#05f25144099151ee915d2dd1458d4dd3ea96d84a"
  integrity sha512-383eSpS3hmgCksW85KIqBtcbgSW5DDVsCmzLoM6C3q4yzOX2rmtWxF4pbLJ76fz+ufA+4/SwAT4QdaY6IUWmAg==
  dependencies:
    async-csv "^2.1.3"

qs@^6.9.1:
  version "6.9.1"
  resolved "https://registry.yarnpkg.com/qs/-/qs-6.9.1.tgz#20082c65cb78223635ab1a9eaca8875a29bf8ec9"
  integrity sha512-Cxm7/SS/y/Z3MHWSxXb8lIFqgqBowP5JMlTUFyJN88y0SGQhVmZnqFK/PeuMX9LzUyWsqqhNxIyg0jlzq946yA==

querystring@^0.2.0:
  version "0.2.0"
  resolved "https://registry.yarnpkg.com/querystring/-/querystring-0.2.0.tgz#b209849203bb25df820da756e747005878521620"
  integrity sha1-sgmEkgO7Jd+CDadW50cAWHhSFiA=

retry@0.12.0:
  version "0.12.0"
  resolved "https://registry.yarnpkg.com/retry/-/retry-0.12.0.tgz#1b42a6266a21f07421d1b0b54b7dc167b01c013b"
  integrity sha1-G0KmJmoh8HQh0bC1S33BZ7AcATs=

stream-transform@^2.0.1:
  version "2.0.1"
  resolved "https://registry.yarnpkg.com/stream-transform/-/stream-transform-2.0.1.tgz#112ef2b4d8b9b517f9a6994b0bf7b946fa4d51bc"
  integrity sha512-GiTcO/rRvZP2R8WPwxmxCFP+Of1yIATuFAmYkvSLDfcD93X2WHiPwdgIqeFT2CvL1gyAsjQvu1nB6RDNQ5b2jw==
  dependencies:
    mixme "^0.3.1"

unfetch@^4.0.0:
  version "4.1.0"
  resolved "https://registry.yarnpkg.com/unfetch/-/unfetch-4.1.0.tgz#6ec2dd0de887e58a4dee83a050ded80ffc4137db"
  integrity sha512-crP/n3eAPUJxZXM9T80/yv0YhkTEx2K1D3h7D1AJM6fzsWZrxdyRuLN0JH/dkZh1LNH8LxCnBzoPFCPbb2iGpg==
